PODS:
  - JMStaticContentTableViewController (0.1.1)
  - LTUpdate (0.0.2)
  - NoticeView (3.0.6)
  - NUI (0.3.0)
  - Underscore.m (0.2.0)

DEPENDENCIES:
  - JMStaticContentTableViewController (~> 0.1.1)
  - LTUpdate (~> 0.0.2)
  - NoticeView (~> 3.0)
  - NUI
  - Underscore.m (~> 0.2.0)

SPEC CHECKSUMS:
  JMStaticContentTableViewController: 78a7919f9e6ce2f7d24e66e7a0d614713050a25e
  LTUpdate: ee58a30f73e6dcbc47ce1e5c617b024212a2dd98
  NoticeView: 16bb529beb669dd8f27f1dc9c63b8d006cf89ad1
  NUI: 030801aedc2fcd321efe50db8d44a36379955e7a
  Underscore.m: a1363c047e21e601dcabc16abd6faf9413cf4290

COCOAPODS: 0.18.1
